{
  "lockfileVersion": 1,
  "configVersion": 1,
  "workspaces": {
    "": {
      "name": "@maudecode/cowtail-cli",
      "devDependencies": {
        "@maudecode/cowtail-protocol": "file:../protocol",
        "@types/node": "^24.7.2",
        "clipanion": "^4.0.0-rc.4",
        "typescript": "^5.9.3",
      },
    },
  },
  "packages": {
    "@asteasolutions/zod-to-openapi": ["@asteasolutions/zod-to-openapi@8.5.0", "", { "dependencies": { "openapi3-ts": "^4.1.2" }, "peerDependencies": { "zod": "^4.0.0" } }, "sha512-SABbKiObg5dLRiTFnqiW1WWwGcg1BJfmHtT2asIBnBHg6Smy/Ms2KHc650+JI4Hw7lSkdiNebEGXpwoxfben8Q=="],

    "@maudecode/cowtail-protocol": ["@maudecode/cowtail-protocol@file:../protocol", { "dependencies": { "zod": "^4.1.12" }, "devDependencies": { "@asteasolutions/zod-to-openapi": "^8.1.0", "typescript": "^5.9.3" } }],

    "@types/node": ["@types/node@24.12.2", "", { "dependencies": { "undici-types": "~7.16.0" } }, "sha512-A1sre26ke7HDIuY/M23nd9gfB+nrmhtYyMINbjI1zHJxYteKR6qSMX56FsmjMcDb3SMcjJg5BiRRgOCC/yBD0g=="],

    "clipanion": ["clipanion@4.0.0-rc.4", "", { "dependencies": { "typanion": "^3.8.0" } }, "sha512-CXkMQxU6s9GklO/1f714dkKBMu1lopS1WFF0B8o4AxPykR1hpozxSiUZ5ZUeBjfPgCWqbcNOtZVFhB8Lkfp1+Q=="],

    "openapi3-ts": ["openapi3-ts@4.5.0", "", { "dependencies": { "yaml": "^2.8.0" } }, "sha512-jaL+HgTq2Gj5jRcfdutgRGLosCy/hT8sQf6VOy+P+g36cZOjI1iukdPnijC+4CmeRzg/jEllJUboEic2FhxhtQ=="],

    "typanion": ["typanion@3.14.0", "", {}, "sha512-ZW/lVMRabETuYCd9O9ZvMhAh8GslSqaUjxmK/JLPCh6l73CvLBiuXswj/+7LdnWOgYsQ130FqLzFz5aGT4I3Ug=="],

    "typescript": ["typescript@5.9.3", "", { "bin": { "tsc": "bin/tsc", "tsserver": "bin/tsserver" } }, "sha512-jl1vZzPDinLr9eUt3J/t7V6FgNEw9QjvBPdysz9KfQDD41fQrC2Y4vKQdiaUpFT4bXlb1RHhLpp8wtm6M5TgSw=="],

    "undici-types": ["undici-types@7.16.0", "", {}, "sha512-Zz+aZWSj8LE6zoxD+xrjh4VfkIG8Ya6LvYkZqtUQGJPZjYl53ypCaUwWqo7eI0x66KBGeRo+mlBEkMSeSZ38Nw=="],

    "yaml": ["yaml@2.8.3", "", { "bin": { "yaml": "bin.mjs" } }, "sha512-AvbaCLOO2Otw/lW5bmh9d/WEdcDFdQp2Z2ZUH3pX9U2ihyUY0nvLv7J6TrWowklRGPYbB/IuIMfYgxaCPg5Bpg=="],

    "zod": ["zod@4.3.6", "", {}, "sha512-rftlrkhHZOcjDwkGlnUtZZkvaPHCsDATp4pGpuOOMDaTdDDXF91wuVDJoWoPsKX/3YPQ5fHuF3STjcYyKr+Qhg=="],
  }
}
